// !$*UTF8*$!
{
	archiveVersion = 1;
	classes = {
	};
	objectVersion = 56;
	objects = {

/* Begin PBXBuildFile section */
		37555D9B2BEF81F200DDBC74 /* FoodLinkApp.swift in Sources */ = {isa = PBXBuildFile; fileRef = 37555D9A2BEF81F200DDBC74 /* FoodLinkApp.swift */; };
		37555D9D2BEF81F200DDBC74 /* ContentView.swift in Sources */ = {isa = PBXBuildFile; fileRef = 37555D9C2BEF81F200DDBC74 /* ContentView.swift */; };
		37555D9F2BEF81F500DDBC74 /* Assets.xcassets in Resources */ = {isa = PBXBuildFile; fileRef = 37555D9E2BEF81F500DDBC74 /* Assets.xcassets */; };
		37555DA22BEF81F500DDBC74 /* Preview Assets.xcassets in Resources */ = {isa = PBXBuildFile; fileRef = 37555DA12BEF81F500DDBC74 /* Preview Assets.xcassets */; };
		37555DA92BEF823200DDBC74 /* LoginView.swift in Sources */ = {isa = PBXBuildFile; fileRef = 37555DA82BEF823200DDBC74 /* LoginView.swift */; };
		37DCF1A82BEF998200A999BB /* MainView.swift in Sources */ = {isa = PBXBuildFile; fileRef = 37DCF1A72BEF998200A999BB /* MainView.swift */; };
		37DCF1AA2BEF9B1600A999BB /* HomeView.swift in Sources */ = {isa = PBXBuildFile; fileRef = 37DCF1A92BEF9B1600A999BB /* HomeView.swift */; };
		37DCF1AC2BEF9B2100A999BB /* HistoryView.swift in Sources */ = {isa = PBXBuildFile; fileRef = 37DCF1AB2BEF9B2100A999BB /* HistoryView.swift */; };
		37DCF1AE2BEF9B2F00A999BB /* ProfileView.swift in Sources */ = {isa = PBXBuildFile; fileRef = 37DCF1AD2BEF9B2F00A999BB /* ProfileView.swift */; };
/* End PBXBuildFile section */

/* Begin PBXFileReference section */
		37555D972BEF81F200DDBC74 /* FoodLink.app */ = {isa = PBXFileReference; explicitFileType = wrapper.application; includeInIndex = 0; path = FoodLink.app; sourceTree = BUILT_PRODUCTS_DIR; };
		37555D9A2BEF81F200DDBC74 /* FoodLinkApp.swift */ = {isa = PBXFileReference; lastKnownFileType = sourcecode.swift; path = FoodLinkApp.swift; sourceTree = "<group>"; };
		37555D9C2BEF81F200DDBC74 /* ContentView.swift */ = {isa = PBXFileReference; lastKnownFileType = sourcecode.swift; path = ContentView.swift; sourceTree = "<group>"; };
		37555D9E2BEF81F500DDBC74 /* Assets.xcassets */ = {isa = PBXFileReference; lastKnownFileType = folder.assetcatalog; path = Assets.xcassets; sourceTree = "<group>"; };
		37555DA12BEF81F500DDBC74 /* Preview Assets.xcassets */ = {isa = PBXFileReference; lastKnownFileType = folder.assetcatalog; path = "Preview Assets.xcassets"; sourceTree = "<group>"; };
		37555DA82BEF823200DDBC74 /* LoginView.swift */ = {isa = PBXFileReference; lastKnownFileType = sourcecode.swift; path = LoginView.swift; sourceTree = "<group>"; };
		37DCF1A72BEF998200A999BB /* MainView.swift */ = {isa = PBXFileReference; lastKnownFileType = sourcecode.swift; path = MainView.swift; sourceTree = "<group>"; };
		37DCF1A92BEF9B1600A999BB /* HomeView.swift */ = {isa = PBXFileReference; lastKnownFileType = sourcecode.swift; path = HomeView.swift; sourceTree = "<group>"; };
		37DCF1AB2BEF9B2100A999BB /* HistoryView.swift */ = {isa = PBXFileReference; lastKnownFileType = sourcecode.swift; path = HistoryView.swift; sourceTree = "<group>"; };
		37DCF1AD2BEF9B2F00A999BB /* ProfileView.swift */ = {isa = PBXFileReference; lastKnownFileType = sourcecode.swift; path = ProfileView.swift; sourceTree = "<group>"; };
/* End PBXFileReference section */

/* Begin PBXFrameworksBuildPhase section */
		37555D942BEF81F200DDBC74 /* Frameworks */ = {
			isa = PBXFrameworksBuildPhase;
			buildActionMask = 2147483647;
			files = (
			);
			runOnlyForDeploymentPostprocessing = 0;
		};
/* End PBXFrameworksBuildPhase section */

/* Begin PBXGroup section */
		37555D8E2BEF81F200DDBC74 = {
			isa = PBXGroup;
			children = (
				37555D992BEF81F200DDBC74 /* FoodLink */,
				37555D982BEF81F200DDBC74 /* Products */,
			);
			sourceTree = "<group>";
		};
		37555D982BEF81F200DDBC74 /* Products */ = {
			isa = PBXGroup;
			children = (
				37555D972BEF81F200DDBC74 /* FoodLink.app */,
			);
			name = Products;
			sourceTree = "<group>";
		};
		37555D992BEF81F200DDBC74 /* FoodLink */ = {
			isa = PBXGroup;
			children = (
				37555D9A2BEF81F200DDBC74 /* FoodLinkApp.swift */,
				37555DA82BEF823200DDBC74 /* LoginView.swift */,
				37DCF1A72BEF998200A999BB /* MainView.swift */,
				37DCF1A92BEF9B1600A999BB /* HomeView.swift */,
				37DCF1AB2BEF9B2100A999BB /* HistoryView.swift */,
				37DCF1AD2BEF9B2F00A999BB /* ProfileView.swift */,
				37555D9C2BEF81F200DDBC74 /* ContentView.swift */,
				37555D9E2BEF81F500DDBC74 /* Assets.xcassets */,
				37555DA02BEF81F500DDBC74 /* Preview Content */,
			);
			path = FoodLink;
			sourceTree = "<group>";
		};
		37555DA02BEF81F500DDBC74 /* Preview Content */ = {
			isa = PBXGroup;
			children = (
				37555DA12BEF81F500DDBC74 /* Preview Assets.xcassets */,
			);
			path = "Preview Content";
			sourceTree = "<group>";
		};
/* End PBXGroup section */

/* Begin PBXNativeTarget section */
		37555D962BEF81F200DDBC74 /* FoodLink */ = {
			isa = PBXNativeTarget;
			buildConfigurationList = 37555DA52BEF81F500DDBC74 /* Build configuration list for PBXNativeTarget "FoodLink" */;
			buildPhases = (
				37555D932BEF81F200DDBC74 /* Sources */,
				37555D942BEF81F200DDBC74 /* Frameworks */,
				37555D952BEF81F200DDBC74 /* Resources */,
			);
			buildRules = (
			);
			dependencies = (
			);
			name = FoodLink;
			productName = FoodLink;
			productReference = 37555D972BEF81F200DDBC74 /* FoodLink.app */;
			productType = "com.apple.product-type.application";
		};
/* End PBXNativeTarget section */

/* Begin PBXProject section */
		37555D8F2BEF81F200DDBC74 /* Project object */ = {
			isa = PBXProject;
			attributes = {
				BuildIndependentTargetsInParallel = 1;
				LastSwiftUpdateCheck = 1510;
				LastUpgradeCheck = 1510;
				TargetAttributes = {
					37555D962BEF81F200DDBC74 = {
						CreatedOnToolsVersion = 15.1;
					};
				};
			};
			buildConfigurationList = 37555D922BEF81F200DDBC74 /* Build configuration list for PBXProject "FoodLink" */;
			compatibilityVersion = "Xcode 14.0";
			developmentRegion = en;
			hasScannedForEncodings = 0;
			knownRegions = (
				en,
				Base,
			);
			mainGroup = 37555D8E2BEF81F200DDBC74;
			productRefGroup = 37555D982BEF81F200DDBC74 /* Products */;
			projectDirPath = "";
			projectRoot = "";
			targets = (
				37555D962BEF81F200DDBC74 /* FoodLink */,
			);
		};
/* End PBXProject section */

/* Begin PBXResourcesBuildPhase section */
		37555D952BEF81F200DDBC74 /* Resources */ = {
			isa = PBXResourcesBuildPhase;
			buildActionMask = 2147483647;
			files = (
				37555DA22BEF81F500DDBC74 /* Preview Assets.xcassets in Resources */,
				37555D9F2BEF81F500DDBC74 /* Assets.xcassets in Resources */,
			);
			runOnlyForDeploymentPostprocessing = 0;
		};
/* End PBXResourcesBuildPhase section */

/* Begin PBXSourcesBuildPhase section */
		37555D932BEF81F200DDBC74 /* Sources */ = {
			isa = PBXSourcesBuildPhase;
			buildActionMask = 2147483647;
			files = (
				37555DA92BEF823200DDBC74 /* LoginView.swift in Sources */,
				37DCF1AC2BEF9B2100A999BB /* HistoryView.swift in Sources */,
				37DCF1A82BEF998200A999BB /* MainView.swift in Sources */,
				37555D9D2BEF81F200DDBC74 /* ContentView.swift in Sources */,
				37DCF1AA2BEF9B1600A999BB /* HomeView.swift in Sources */,
				37DCF1AE2BEF9B2F00A999BB /* ProfileView.swift in Sources */,
				37555D9B2BEF81F200DDBC74 /* FoodLinkApp.swift in Sources */,
			);
			runOnlyForDeploymentPostprocessing = 0;
		};
/* End PBXSourcesBuildPhase section */

/* Begin XCBuildConfiguration section */
		37555DA32BEF81F500DDBC74 /* Debug */ = {
			isa = XCBuildConfiguration;
			buildSettings = {
				ALWAYS_SEARCH_USER_PATHS = NO;
				ASSETCATALOG_COMPILER_GENERATE_SWIFT_ASSET_SYMBOL_EXTENSIONS = YES;
				CLANG_ANALYZER_NONNULL = YES;
				CLANG_ANALYZER_NUMBER_OBJECT_CONVERSION = YES_AGGRESSIVE;
				CLANG_CXX_LANGUAGE_STANDARD = "gnu++20";
				CLANG_ENABLE_MODULES = YES;
				CLANG_ENABLE_OBJC_ARC = YES;
				CLANG_ENABLE_OBJC_WEAK = YES;
				CLANG_WARN_BLOCK_CAPTURE_AUTORELEASING = YES;
				CLANG_WARN_BOOL_CONVERSION = YES;
				CLANG_WARN_COMMA = YES;
				CLANG_WARN_CONSTANT_CONVERSION = YES;
				CLANG_WARN_DEPRECATED_OBJC_IMPLEMENTATIONS = YES;
				CLANG_WARN_DIRECT_OBJC_ISA_USAGE = YES_ERROR;
				CLANG_WARN_DOCUMENTATION_COMMENTS = YES;
				CLANG_WARN_EMPTY_BODY = YES;
				CLANG_WARN_ENUM_CONVERSION = YES;
				CLANG_WARN_INFINITE_RECURSION = YES;
				CLANG_WARN_INT_CONVERSION = YES;
				CLANG_WARN_NON_LITERAL_NULL_CONVERSION = YES;
				CLANG_WARN_OBJC_IMPLICIT_RETAIN_SELF = YES;
				CLANG_WARN_OBJC_LITERAL_CONVERSION = YES;
				CLANG_WARN_OBJC_ROOT_CLASS = YES_ERROR;
				CLANG_WARN_QUOTED_INCLUDE_IN_FRAMEWORK_HEADER = YES;
				CLANG_WARN_RANGE_LOOP_ANALYSIS = YES;
				CLANG_WARN_STRICT_PROTOTYPES = YES;
				CLANG_WARN_SUSPICIOUS_MOVE = YES;
				CLANG_WARN_UNGUARDED_AVAILABILITY = YES_AGGRESSIVE;
				CLANG_WARN_UNREACHABLE_CODE = YES;
				CLANG_WARN__DUPLICATE_METHOD_MATCH = YES;
				COPY_PHASE_STRIP = NO;
				DEBUG_INFORMATION_FORMAT = dwarf;
				ENABLE_STRICT_OBJC_MSGSEND = YES;
				ENABLE_TESTABILITY = YES;
				ENABLE_USER_SCRIPT_SANDBOXING = YES;
				GCC_C_LANGUAGE_STANDARD = gnu17;
				GCC_DYNAMIC_NO_PIC = NO;
				GCC_NO_COMMON_BLOCKS = YES;
				GCC_OPTIMIZATION_LEVEL = 0;
				GCC_PREPROCESSOR_DEFINITIONS = (
					"DEBUG=1",
					"$(inherited)",
				);
				GCC_WARN_64_TO_32_BIT_CONVERSION = YES;
				GCC_WARN_ABOUT_RETURN_TYPE = YES_ERROR;
				GCC_WARN_UNDECLARED_SELECTOR = YES;
				GCC_WARN_UNINITIALIZED_AUTOS = YES_AGGRESSIVE;
				GCC_WARN_UNUSED_FUNCTION = YES;
				GCC_WARN_UNUSED_VARIABLE = YES;
				IPHONEOS_DEPLOYMENT_TARGET = 17.2;
				LOCALIZATION_PREFERS_STRING_CATALOGS = YES;
				MTL_ENABLE_DEBUG_INFO = INCLUDE_SOURCE;
				MTL_FAST_MATH = YES;
				ONLY_ACTIVE_ARCH = YES;
				SDKROOT = iphoneos;
				SWIFT_ACTIVE_COMPILATION_CONDITIONS = "DEBUG $(inherited)";
				SWIFT_OPTIMIZATION_LEVEL = "-Onone";
			};
			name = Debug;
		};
		37555DA42BEF81F500DDBC74 /* Release */ = {
			isa = XCBuildConfiguration;
			buildSettings = {
				ALWAYS_SEARCH_USER_PATHS = NO;
				ASSETCATALOG_COMPILER_GENERATE_SWIFT_ASSET_SYMBOL_EXTENSIONS = YES;
				CLANG_ANALYZER_NONNULL = YES;
				CLANG_ANALYZER_NUMBER_OBJECT_CONVERSION = YES_AGGRESSIVE;
				CLANG_CXX_LANGUAGE_STANDARD = "gnu++20";
				CLANG_ENABLE_MODULES = YES;
				CLANG_ENABLE_OBJC_ARC = YES;
				CLANG_ENABLE_OBJC_WEAK = YES;
				CLANG_WARN_BLOCK_CAPTURE_AUTORELEASING = YES;
				CLANG_WARN_BOOL_CONVERSION = YES;
				CLANG_WARN_COMMA = YES;
				CLANG_WARN_CONSTANT_CONVERSION = YES;
				CLANG_WARN_DEPRECATED_OBJC_IMPLEMENTATIONS = YES;
				CLANG_WARN_DIRECT_OBJC_ISA_USAGE = YES_ERROR;
				CLANG_WARN_DOCUMENTATION_COMMENTS = YES;
				CLANG_WARN_EMPTY_BODY = YES;
				CLANG_WARN_ENUM_CONVERSION = YES;
				CLANG_WARN_INFINITE_RECURSION = YES;
				CLANG_WARN_INT_CONVERSION = YES;
				CLANG_WARN_NON_LITERAL_NULL_CONVERSION = YES;
				CLANG_WARN_OBJC_IMPLICIT_RETAIN_SELF = YES;
				CLANG_WARN_OBJC_LITERAL_CONVERSION = YES;
				CLANG_WARN_OBJC_ROOT_CLASS = YES_ERROR;
				CLANG_WARN_QUOTED_INCLUDE_IN_FRAMEWORK_HEADER = YES;
				CLANG_WARN_RANGE_LOOP_ANALYSIS = YES;
				CLANG_WARN_STRICT_PROTOTYPES = YES;
				CLANG_WARN_SUSPICIOUS_MOVE = YES;
				CLANG_WARN_UNGUARDED_AVAILABILITY = YES_AGGRESSIVE;
				CLANG_WARN_UNREACHABLE_CODE = YES;
				CLANG_WARN__DUPLICATE_METHOD_MATCH = YES;
				COPY_PHASE_STRIP = NO;
				DEBUG_INFORMATION_FORMAT = "dwarf-with-dsym";
				ENABLE_NS_ASSERTIONS = NO;
				ENABLE_STRICT_OBJC_MSGSEND = YES;
				ENABLE_USER_SCRIPT_SANDBOXING = YES;
				GCC_C_LANGUAGE_STANDARD = gnu17;
				GCC_NO_COMMON_BLOCKS = YES;
				GCC_WARN_64_TO_32_BIT_CONVERSION = YES;
				GCC_WARN_ABOUT_RETURN_TYPE = YES_ERROR;
				GCC_WARN_UNDECLARED_SELECTOR = YES;
				GCC_WARN_UNINITIALIZED_AUTOS = YES_AGGRESSIVE;
				GCC_WARN_UNUSED_FUNCTION = YES;
				GCC_WARN_UNUSED_VARIABLE = YES;
				IPHONEOS_DEPLOYMENT_TARGET = 17.2;
				LOCALIZATION_PREFERS_STRING_CATALOGS = YES;
				MTL_ENABLE_DEBUG_INFO = NO;
				MTL_FAST_MATH = YES;
				SDKROOT = iphoneos;
				SWIFT_COMPILATION_MODE = wholemodule;
				VALIDATE_PRODUCT = YES;
			};
			name = Release;
		};
		37555DA62BEF81F500DDBC74 /* Debug */ = {
			isa = XCBuildConfiguration;
			buildSettings = {
				ASSETCATALOG_COMPILER_APPICON_NAME = AppIcon;
				ASSETCATALOG_COMPILER_GLOBAL_ACCENT_COLOR_NAME = AccentColor;
				CODE_SIGN_STYLE = Automatic;
				CURRENT_PROJECT_VERSION = 1;
				DEVELOPMENT_ASSET_PATHS = "\"FoodLink/Preview Content\"";
				DEVELOPMENT_TEAM = J27CK6TLVS;
				ENABLE_PREVIEWS = YES;
				GENERATE_INFOPLIST_FILE = YES;
				INFOPLIST_KEY_UIApplicationSceneManifest_Generation = YES;
				INFOPLIST_KEY_UIApplicationSupportsIndirectInputEvents = YES;
				INFOPLIST_KEY_UILaunchScreen_Generation = YES;
				INFOPLIST_KEY_UISupportedInterfaceOrientations_iPad = "UIInterfaceOrientationPortrait UIInterfaceOrientationPortraitUpsideDown UIInterfaceOrientationLandscapeLeft UIInterfaceOrientationLandscapeRight";
				INFOPLIST_KEY_UISupportedInterfaceOrientations_iPhone = "UIInterfaceOrientationPortrait UIInterfaceOrientationLandscapeLeft UIInterfaceOrientationLandscapeRight";
				LD_RUNPATH_SEARCH_PATHS = (
					"$(inherited)",
					"@executable_path/Frameworks",
				);
				MARKETING_VERSION = 1.0;
				PRODUCT_BUNDLE_IDENTIFIER = Nowa.FoodLink;
				PRODUCT_NAME = "$(TARGET_NAME)";
				SWIFT_EMIT_LOC_STRINGS = YES;
				SWIFT_VERSION = 5.0;
				TARGETED_DEVICE_FAMILY = "1,2";
			};
			name = Debug;
		};
		37555DA72BEF81F500DDBC74 /* Release */ = {
			isa = XCBuildConfiguration;
			buildSettings = {
				ASSETCATALOG_COMPILER_APPICON_NAME = AppIcon;
				ASSETCATALOG_COMPILER_GLOBAL_ACCENT_COLOR_NAME = AccentColor;
				CODE_SIGN_STYLE = Automatic;
				CURRENT_PROJECT_VERSION = 1;
				DEVELOPMENT_ASSET_PATHS = "\"FoodLink/Preview Content\"";
				DEVELOPMENT_TEAM = J27CK6TLVS;
				ENABLE_PREVIEWS = YES;
				GENERATE_INFOPLIST_FILE = YES;
				INFOPLIST_KEY_UIApplicationSceneManifest_Generation = YES;
				INFOPLIST_KEY_UIApplicationSupportsIndirectInputEvents = YES;
				INFOPLIST_KEY_UILaunchScreen_Generation = YES;
				INFOPLIST_KEY_UISupportedInterfaceOrientations_iPad = "UIInterfaceOrientationPortrait UIInterfaceOrientationPortraitUpsideDown UIInterfaceOrientationLandscapeLeft UIInterfaceOrientationLandscapeRight";
				INFOPLIST_KEY_UISupportedInterfaceOrientations_iPhone = "UIInterfaceOrientationPortrait UIInterfaceOrientationLandscapeLeft UIInterfaceOrientationLandscapeRight";
				LD_RUNPATH_SEARCH_PATHS = (
					"$(inherited)",
					"@executable_path/Frameworks",
				);
				MARKETING_VERSION = 1.0;
				PRODUCT_BUNDLE_IDENTIFIER = Nowa.FoodLink;
				PRODUCT_NAME = "$(TARGET_NAME)";
				SWIFT_EMIT_LOC_STRINGS = YES;
				SWIFT_VERSION = 5.0;
				TARGETED_DEVICE_FAMILY = "1,2";
			};
			name = Release;
		};
/* End XCBuildConfiguration section */

/* Begin XCConfigurationList section */
		37555D922BEF81F200DDBC74 /* Build configuration list for PBXProject "FoodLink" */ = {
			isa = XCConfigurationList;
			buildConfigurations = (
				37555DA32BEF81F500DDBC74 /* Debug */,
				37555DA42BEF81F500DDBC74 /* Release */,
			);
			defaultConfigurationIsVisible = 0;
			defaultConfigurationName = Release;
		};
		37555DA52BEF81F500DDBC74 /* Build configuration list for PBXNativeTarget "FoodLink" */ = {
			isa = XCConfigurationList;
			buildConfigurations = (
				37555DA62BEF81F500DDBC74 /* Debug */,
				37555DA72BEF81F500DDBC74 /* Release */,
			);
			defaultConfigurationIsVisible = 0;
			defaultConfigurationName = Release;
		};
/* End XCConfigurationList section */
	};
	rootObject = 37555D8F2BEF81F200DDBC74 /* Project object */;
}
